{
  "version": 4,
  "terraform_version": "1.10.2",
  "serial": 146,
  "lineage": "93655935-46b6-47a3-44cf-71f24a6f0e5e",
  "outputs": {},
  "resources": [
    {
      "mode": "managed",
      "type": "google_compute_network",
      "name": "tips-network",
      "provider": "provider[\"registry.terraform.io/hashicorp/google\"]",
      "instances": [
        {
          "schema_version": 0,
          "attributes": {
            "auto_create_subnetworks": false,
            "delete_default_routes_on_create": false,
            "description": "",
            "enable_ula_internal_ipv6": false,
            "gateway_ipv4": "",
            "id": "projects/tips-backend/global/networks/tips-network",
            "internal_ipv6_range": "",
            "mtu": 0,
            "name": "tips-network",
            "network_firewall_policy_enforcement_order": "AFTER_CLASSIC_FIREWALL",
            "numeric_id": "1554121141649612659",
            "project": "tips-backend",
            "routing_mode": "REGIONAL",
            "self_link": "https://www.googleapis.com/compute/v1/projects/tips-backend/global/networks/tips-network",
            "timeouts": null
          },
          "sensitive_attributes": [],
          "private": "eyJlMmJmYjczMC1lY2FhLTExZTYtOGY4OC0zNDM2M2JjN2M0YzAiOnsiY3JlYXRlIjoxMjAwMDAwMDAwMDAwLCJkZWxldGUiOjEyMDAwMDAwMDAwMDAsInVwZGF0ZSI6MTIwMDAwMDAwMDAwMH19"
        }
      ]
    },
    {
      "mode": "managed",
      "type": "google_project_service",
      "name": "enable_services",
      "provider": "provider[\"registry.terraform.io/hashicorp/google\"]",
      "instances": [
        {
          "index_key": "compute.googleapis.com",
          "schema_version": 0,
          "attributes": {
            "disable_dependent_services": null,
            "disable_on_destroy": true,
            "id": "tips-backend/compute.googleapis.com",
            "project": "tips-backend",
            "service": "compute.googleapis.com",
            "timeouts": null
          },
          "sensitive_attributes": [],
          "private": "eyJlMmJmYjczMC1lY2FhLTExZTYtOGY4OC0zNDM2M2JjN2M0YzAiOnsiY3JlYXRlIjoxMjAwMDAwMDAwMDAwLCJkZWxldGUiOjEyMDAwMDAwMDAwMDAsInJlYWQiOjYwMDAwMDAwMDAwMCwidXBkYXRlIjoxMjAwMDAwMDAwMDAwfX0="
        }
      ]
    },
    {
      "mode": "managed",
      "type": "google_sql_database_instance",
      "name": "postgres_instance",
      "provider": "provider[\"registry.terraform.io/hashicorp/google\"]",
      "instances": [
        {
          "schema_version": 0,
          "attributes": {
            "available_maintenance_versions": [],
            "clone": [],
            "connection_name": "tips-backend:europe-west1:postgres-instance",
            "database_version": "POSTGRES_14",
            "deletion_protection": true,
            "dns_name": "",
            "encryption_key_name": null,
            "first_ip_address": "35.187.67.10",
            "id": "postgres-instance",
            "instance_type": "CLOUD_SQL_INSTANCE",
            "ip_address": [
              {
                "ip_address": "35.187.67.10",
                "time_to_retire": "",
                "type": "PRIMARY"
              },
              {
                "ip_address": "34.22.249.207",
                "time_to_retire": "",
                "type": "OUTGOING"
              }
            ],
            "maintenance_version": "POSTGRES_14_15.R20240910.01_31",
            "master_instance_name": "",
            "name": "postgres-instance",
            "private_ip_address": "",
            "project": "tips-backend",
            "psc_service_attachment_link": "",
            "public_ip_address": "35.187.67.10",
            "region": "europe-west1",
            "replica_configuration": [],
            "replica_names": [],
            "restore_backup_context": [],
            "root_password": null,
            "self_link": "https://sqladmin.googleapis.com/sql/v1beta4/projects/tips-backend/instances/postgres-instance",
            "server_ca_cert": [
              {
                "cert": "-----BEGIN CERTIFICATE-----\nMIIDfzCCAmegAwIBAgIBADANBgkqhkiG9w0BAQsFADB3MS0wKwYDVQQuEyRkZDdi\nYmVlNy01M2JkLTQ2Y2UtODkxYy1iODljZjE5ZGUwNjExIzAhBgNVBAMTGkdvb2ds\nZSBDbG91ZCBTUUwgU2VydmVyIENBMRQwEgYDVQQKEwtHb29nbGUsIEluYzELMAkG\nA1UEBhMCVVMwHhcNMjQxMjEzMTYxMzI1WhcNMzQxMjExMTYxNDI1WjB3MS0wKwYD\nVQQuEyRkZDdiYmVlNy01M2JkLTQ2Y2UtODkxYy1iODljZjE5ZGUwNjExIzAhBgNV\nBAMTGkdvb2dsZSBDbG91ZCBTUUwgU2VydmVyIENBMRQwEgYDVQQKEwtHb29nbGUs\nIEluYzELMAkGA1UEBhMCVVMwggEiMA0GCSqGSIb3DQEBAQUAA4IBDwAwggEKAoIB\nAQDsWGKSFaDhNDbS3wPoTog521OO8NMOsJFx7E6oxCoHyHPLk1YbWrTFHkhCctP2\nknKKZS2RXYsS4iAM5RneGXAV3HbOXPTnk/RMFLPURlGO3b/gaCFNp7RFzSNBQ2RQ\nv5RqeGh76MigtQ4NwmW/YAWVj4n2M6Ud7AMD7QJ8YDQG5TvGX6fyBJe/I7jjdXYS\noOth6/fqz+XzojxDUHOH+bBk1qkoE1ZWAQ4CMf7bUkB9HUWOxBjrr5grLEybiPpm\nOMgK5rpDudj64ttHYzxGarXW0SBeFjV1CZsOoVr9feobBpZS/IvhHmdJpvQ9c6mG\nRpVRcTCZ6vN+aLp8JDPKpPAZAgMBAAGjFjAUMBIGA1UdEwEB/wQIMAYBAf8CAQAw\nDQYJKoZIhvcNAQELBQADggEBAGjdHrppdxtJs6VUrymN49KVLfXvI9LSfcMQ4+rn\nJICR/JywC/NskQ08TFsDLo3Sephwq3fHdH7Ykz8e6K20h9rO0wrXgtU/R60rn2VO\njnOV/hh8teQm3id+4VhnZEqmtA4+cSZPhrtB4TzTpw6gP2W2netyXouDb2suu1X7\nbTsHa0dIEhp6F1nlLbXweXoZN028qm5x7a9qnVFEL+ReQ0fUmmlY8Y5XCpvhLNMS\nJm/B/segxe8pbp7m8TJG+FDGPqPKJb2mSYR1kQJnAyF9GK0r2TEPOvXKZamvAjm0\n608jKC4G1diS+bJZ7J9JrFZdRDUa5wrmwtYFj7JcBKLYuZo=\n-----END CERTIFICATE-----",
                "common_name": "C=US,O=Google\\, Inc,CN=Google Cloud SQL Server CA,dnQualifier=dd7bbee7-53bd-46ce-891c-b89cf19de061",
                "create_time": "2024-12-13T16:13:25.134Z",
                "expiration_time": "2034-12-11T16:14:25.134Z",
                "sha1_fingerprint": "d3a5831cb892e136a07e66e2af1a6d3e2e41bf0d"
              }
            ],
            "service_account_email_address": "p36668602170-aw5hjw@gcp-sa-cloud-sql.iam.gserviceaccount.com",
            "settings": [
              {
                "activation_policy": "ALWAYS",
                "active_directory_config": [],
                "advanced_machine_features": [],
                "availability_type": "ZONAL",
                "backup_configuration": [
                  {
                    "backup_retention_settings": [
                      {
                        "retained_backups": 7,
                        "retention_unit": "COUNT"
                      }
                    ],
                    "binary_log_enabled": false,
                    "enabled": false,
                    "location": "",
                    "point_in_time_recovery_enabled": false,
                    "start_time": "13:00",
                    "transaction_log_retention_days": 7
                  }
                ],
                "collation": "",
                "connector_enforcement": "NOT_REQUIRED",
                "data_cache_config": [],
                "database_flags": [],
                "deletion_protection_enabled": false,
                "deny_maintenance_period": [],
                "disk_autoresize": true,
                "disk_autoresize_limit": 0,
                "disk_size": 10,
                "disk_type": "PD_SSD",
                "edition": "ENTERPRISE",
                "enable_dataplex_integration": false,
                "enable_google_ml_integration": false,
                "insights_config": [],
                "ip_configuration": [
                  {
                    "allocated_ip_range": "",
                    "authorized_networks": [
                      {
                        "expiration_time": "",
                        "name": "public-access",
                        "value": "0.0.0.0/0"
                      }
                    ],
                    "enable_private_path_for_google_cloud_services": false,
                    "ipv4_enabled": true,
                    "private_network": "",
                    "psc_config": [],
                    "server_ca_mode": "GOOGLE_MANAGED_INTERNAL_CA",
                    "ssl_mode": "ALLOW_UNENCRYPTED_AND_ENCRYPTED"
                  }
                ],
                "location_preference": [
                  {
                    "follow_gae_application": "",
                    "secondary_zone": "",
                    "zone": "europe-west1-c"
                  }
                ],
                "maintenance_window": [],
                "password_validation_policy": [],
                "pricing_plan": "PER_USE",
                "sql_server_audit_config": [],
                "tier": "db-f1-micro",
                "time_zone": "",
                "user_labels": {},
                "version": 10
              }
            ],
            "timeouts": null
          },
          "sensitive_attributes": [
            [
              {
                "type": "get_attr",
                "value": "root_password"
              }
            ],
            [
              {
                "type": "get_attr",
                "value": "server_ca_cert"
              }
            ]
          ],
          "private": "eyJlMmJmYjczMC1lY2FhLTExZTYtOGY4OC0zNDM2M2JjN2M0YzAiOnsiY3JlYXRlIjo1NDAwMDAwMDAwMDAwLCJkZWxldGUiOjU0MDAwMDAwMDAwMDAsInVwZGF0ZSI6NTQwMDAwMDAwMDAwMH19",
          "dependencies": [
            "google_compute_network.tips-network"
          ]
        }
      ]
    },
    {
      "mode": "managed",
      "type": "google_vpc_access_connector",
      "name": "tips-vpc-connector",
      "provider": "provider[\"registry.terraform.io/hashicorp/google\"]",
      "instances": [
        {
          "schema_version": 0,
          "attributes": {
            "connected_projects": [],
            "id": "projects/tips-backend/locations/europe-west1/connectors/tips-vpc-connector",
            "ip_cidr_range": "10.8.0.0/28",
            "machine_type": "e2-micro",
            "max_instances": 3,
            "max_throughput": 300,
            "min_instances": 2,
            "min_throughput": 200,
            "name": "tips-vpc-connector",
            "network": "tips-network",
            "project": "tips-backend",
            "region": "europe-west1",
            "self_link": "projects/tips-backend/locations/europe-west1/connectors/tips-vpc-connector",
            "state": "READY",
            "subnet": [],
            "timeouts": null
          },
          "sensitive_attributes": [],
          "private": "eyJlMmJmYjczMC1lY2FhLTExZTYtOGY4OC0zNDM2M2JjN2M0YzAiOnsiY3JlYXRlIjoxMjAwMDAwMDAwMDAwLCJkZWxldGUiOjEyMDAwMDAwMDAwMDB9fQ==",
          "dependencies": [
            "google_compute_network.tips-network"
          ]
        }
      ]
    }
  ],
  "check_results": null
}
